
Microsoft Visual Studio Solution File, Format Version 12.00
# Visual Studio Version 16
VisualStudioVersion = 16.0.29102.190
MinimumVisualStudioVersion = 10.0.40219.1
Project("{FAE04EC0-301F-11D3-BF4B-00C04F79EFBC}") = "PaymentDetailRegisterAPI", "PaymentDetailRegisterAPI.csproj", "{282F3642-2F96-40A3-95BB-FB10FE497C56}"
EndProject
Global
	GlobalSection(SolutionConfigurationPlatforms) = preSolution
		Debug|Any CPU = Debug|Any CPU
		Release|Any CPU = Release|Any CPU
	EndGlobalSection
	GlobalSection(ProjectConfigurationPlatforms) = postSolution
		{282F3642-2F96-40A3-95BB-FB10FE497C56}.Debug|Any CPU.ActiveCfg = Debug|Any CPU
		{282F3642-2F96-40A3-95BB-FB10FE497C56}.Debug|Any CPU.Build.0 = Debug|Any CPU
		{282F3642-2F96-40A3-95BB-FB10FE497C56}.Release|Any CPU.ActiveCfg = Release|Any CPU
		{282F3642-2F96-40A3-95BB-FB10FE497C56}.Release|Any CPU.Build.0 = Release|Any CPU
	EndGlobalSection
	GlobalSection(SolutionProperties) = preSolution
		HideSolutionNode = FALSE
	EndGlobalSection
	GlobalSection(ExtensibilityGlobals) = postSolution
		SolutionGuid = {2835D01C-E800-4FF3-A4C2-F71D9F7373B2}
	EndGlobalSection
EndGlobal
